
Microsoft Visual Studio Solution File, Format Version 12.00
# Visual Studio Version 16
VisualStudioVersion = 16.0.29920.165
MinimumVisualStudioVersion = 10.0.40219.1
Project("{D954291E-2A0B-460D-934E-DC6B0785DB48}") = "Karasuma.Shared", "Karasuma\Karasuma.Shared\Karasuma.Shared.shproj", "{6279C845-92F8-4333-AB99-3D213163593C}"
EndProject
Project("{FAE04EC0-301F-11D3-BF4B-00C04F79EFBC}") = "Karasuma.Droid", "Karasuma\Karasuma.Droid\Karasuma.Droid.csproj", "{764EB500-FB26-4F2A-8544-73592F551E19}"
EndProject
Project("{FAE04EC0-301F-11D3-BF4B-00C04F79EFBC}") = "Karasuma.iOS", "Karasuma\Karasuma.iOS\Karasuma.iOS.csproj", "{9345912F-4D7E-4A19-BF2B-0E2A59EDEEFD}"
EndProject
Project("{FAE04EC0-301F-11D3-BF4B-00C04F79EFBC}") = "Karasuma.UWP", "Karasuma\Karasuma.UWP\Karasuma.UWP.csproj", "{3756CFB0-03C0-4DFA-A79B-D7742F1EC717}"
EndProject
Project("{9A19103F-16F7-4668-BE54-9A1E7A4F7556}") = "Karasuma.Wasm", "Karasuma\Karasuma.Wasm\Karasuma.Wasm.csproj", "{AF4AB23F-DF14-4C76-BF43-F09C757A6DF6}"
EndProject
Global
	GlobalSection(SharedMSBuildProjectFiles) = preSolution
		Karasuma\Karasuma.Shared\Karasuma.Shared.projitems*{3756cfb0-03c0-4dfa-a79b-d7742f1ec717}*SharedItemsImports = 4
		Karasuma\Karasuma.Shared\Karasuma.Shared.projitems*{6279c845-92f8-4333-ab99-3d213163593c}*SharedItemsImports = 13
		Karasuma\Karasuma.Shared\Karasuma.Shared.projitems*{764eb500-fb26-4f2a-8544-73592f551e19}*SharedItemsImports = 4
		Karasuma\Karasuma.Shared\Karasuma.Shared.projitems*{9345912f-4d7e-4a19-bf2b-0e2a59edeefd}*SharedItemsImports = 4
		Karasuma\Karasuma.Shared\Karasuma.Shared.projitems*{af4ab23f-df14-4c76-bf43-f09c757a6df6}*SharedItemsImports = 5
	EndGlobalSection
	GlobalSection(SolutionConfigurationPlatforms) = preSolution
		Ad-Hoc|Any CPU = Ad-Hoc|Any CPU
		Ad-Hoc|ARM = Ad-Hoc|ARM
		Ad-Hoc|ARM64 = Ad-Hoc|ARM64
		Ad-Hoc|iPhone = Ad-Hoc|iPhone
		Ad-Hoc|iPhoneSimulator = Ad-Hoc|iPhoneSimulator
		Ad-Hoc|x64 = Ad-Hoc|x64
		Ad-Hoc|x86 = Ad-Hoc|x86
		AppStore|Any CPU = AppStore|Any CPU
		AppStore|ARM = AppStore|ARM
		AppStore|ARM64 = AppStore|ARM64
		AppStore|iPhone = AppStore|iPhone
		AppStore|iPhoneSimulator = AppStore|iPhoneSimulator
		AppStore|x64 = AppStore|x64
		AppStore|x86 = AppStore|x86
		Debug|Any CPU = Debug|Any CPU
		Debug|ARM = Debug|ARM
		Debug|ARM64 = Debug|ARM64
		Debug|iPhone = Debug|iPhone
		Debug|iPhoneSimulator = Debug|iPhoneSimulator
		Debug|x64 = Debug|x64
		Debug|x86 = Debug|x86
		Release|Any CPU = Release|Any CPU
		Release|ARM = Release|ARM
		Release|ARM64 = Release|ARM64
		Release|iPhone = Release|iPhone
		Release|iPhoneSimulator = Release|iPhoneSimulator
		Release|x64 = Release|x64
		Release|x86 = Release|x86
	EndGlobalSection
	GlobalSection(ProjectConfigurationPlatforms) = postSolution
		{764EB500-FB26-4F2A-8544-73592F551E19}.Ad-Hoc|Any CPU.ActiveCfg = Release|Any CPU
		{764EB500-FB26-4F2A-8544-73592F551E19}.Ad-Hoc|Any CPU.Build.0 = Release|Any CPU
		{764EB500-FB26-4F2A-8544-73592F551E19}.Ad-Hoc|Any CPU.Deploy.0 = Release|Any CPU
		{764EB500-FB26-4F2A-8544-73592F551E19}.Ad-Hoc|ARM.ActiveCfg = Release|Any CPU
		{764EB500-FB26-4F2A-8544-73592F551E19}.Ad-Hoc|ARM.Build.0 = Release|Any CPU
		{764EB500-FB26-4F2A-8544-73592F551E19}.Ad-Hoc|ARM.Deploy.0 = Release|Any CPU
		{764EB500-FB26-4F2A-8544-73592F551E19}.Ad-Hoc|ARM64.ActiveCfg = Release|Any CPU
		{764EB500-FB26-4F2A-8544-73592F551E19}.Ad-Hoc|ARM64.Build.0 = Release|Any CPU
		{764EB500-FB26-4F2A-8544-73592F551E19}.Ad-Hoc|ARM64.Deploy.0 = Release|Any CPU
		{764EB500-FB26-4F2A-8544-73592F551E19}.Ad-Hoc|iPhone.ActiveCfg = Release|Any CPU
		{764EB500-FB26-4F2A-8544-73592F551E19}.Ad-Hoc|iPhone.Build.0 = Release|Any CPU
		{764EB500-FB26-4F2A-8544-73592F551E19}.Ad-Hoc|iPhone.Deploy.0 = Release|Any CPU
		{764EB500-FB26-4F2A-8544-73592F551E19}.Ad-Hoc|iPhoneSimulator.ActiveCfg = Release|Any CPU
		{764EB500-FB26-4F2A-8544-73592F551E19}.Ad-Hoc|iPhoneSimulator.Build.0 = Release|Any CPU
		{764EB500-FB26-4F2A-8544-73592F551E19}.Ad-Hoc|iPhoneSimulator.Deploy.0 = Release|Any CPU
		{764EB500-FB26-4F2A-8544-73592F551E19}.Ad-Hoc|x64.ActiveCfg = Release|Any CPU
		{764EB500-FB26-4F2A-8544-73592F551E19}.Ad-Hoc|x64.Build.0 = Release|Any CPU
		{764EB500-FB26-4F2A-8544-73592F551E19}.Ad-Hoc|x64.Deploy.0 = Release|Any CPU
		{764EB500-FB26-4F2A-8544-73592F551E19}.Ad-Hoc|x86.ActiveCfg = Release|Any CPU
		{764EB500-FB26-4F2A-8544-73592F551E19}.Ad-Hoc|x86.Build.0 = Release|Any CPU
		{764EB500-FB26-4F2A-8544-73592F551E19}.Ad-Hoc|x86.Deploy.0 = Release|Any CPU
		{764EB500-FB26-4F2A-8544-73592F551E19}.AppStore|Any CPU.ActiveCfg = Release|Any CPU
		{764EB500-FB26-4F2A-8544-73592F551E19}.AppStore|Any CPU.Build.0 = Release|Any CPU
		{764EB500-FB26-4F2A-8544-73592F551E19}.AppStore|Any CPU.Deploy.0 = Release|Any CPU
		{764EB500-FB26-4F2A-8544-73592F551E19}.AppStore|ARM.ActiveCfg = Release|Any CPU
		{764EB500-FB26-4F2A-8544-73592F551E19}.AppStore|ARM.Build.0 = Release|Any CPU
		{764EB500-FB26-4F2A-8544-73592F551E19}.AppStore|ARM.Deploy.0 = Release|Any CPU
		{764EB500-FB26-4F2A-8544-73592F551E19}.AppStore|ARM64.ActiveCfg = Release|Any CPU
		{764EB500-FB26-4F2A-8544-73592F551E19}.AppStore|ARM64.Build.0 = Release|Any CPU
		{764EB500-FB26-4F2A-8544-73592F551E19}.AppStore|ARM64.Deploy.0 = Release|Any CPU
		{764EB500-FB26-4F2A-8544-73592F551E19}.AppStore|iPhone.ActiveCfg = Release|Any CPU
		{764EB500-FB26-4F2A-8544-73592F551E19}.AppStore|iPhone.Build.0 = Release|Any CPU
		{764EB500-FB26-4F2A-8544-73592F551E19}.AppStore|iPhone.Deploy.0 = Release|Any CPU
		{764EB500-FB26-4F2A-8544-73592F551E19}.AppStore|iPhoneSimulator.ActiveCfg = Release|Any CPU
		{764EB500-FB26-4F2A-8544-73592F551E19}.AppStore|iPhoneSimulator.Build.0 = Release|Any CPU
		{764EB500-FB26-4F2A-8544-73592F551E19}.AppStore|iPhoneSimulator.Deploy.0 = Release|Any CPU
		{764EB500-FB26-4F2A-8544-73592F551E19}.AppStore|x64.ActiveCfg = Release|Any CPU
		{764EB500-FB26-4F2A-8544-73592F551E19}.AppStore|x64.Build.0 = Release|Any CPU
		{764EB500-FB26-4F2A-8544-73592F551E19}.AppStore|x64.Deploy.0 = Release|Any CPU
		{764EB500-FB26-4F2A-8544-73592F551E19}.AppStore|x86.ActiveCfg = Release|Any CPU
		{764EB500-FB26-4F2A-8544-73592F551E19}.AppStore|x86.Build.0 = Release|Any CPU
		{764EB500-FB26-4F2A-8544-73592F551E19}.AppStore|x86.Deploy.0 = Release|Any CPU
		{764EB500-FB26-4F2A-8544-73592F551E19}.Debug|Any CPU.ActiveCfg = Debug|Any CPU
		{764EB500-FB26-4F2A-8544-73592F551E19}.Debug|Any CPU.Build.0 = Debug|Any CPU
		{764EB500-FB26-4F2A-8544-73592F551E19}.Debug|Any CPU.Deploy.0 = Debug|Any CPU
		{764EB500-FB26-4F2A-8544-73592F551E19}.Debug|ARM.ActiveCfg = Debug|Any CPU
		{764EB500-FB26-4F2A-8544-73592F551E19}.Debug|ARM.Build.0 = Debug|Any CPU
		{764EB500-FB26-4F2A-8544-73592F551E19}.Debug|ARM.Deploy.0 = Debug|Any CPU
		{764EB500-FB26-4F2A-8544-73592F551E19}.Debug|ARM64.ActiveCfg = Debug|Any CPU
		{764EB500-FB26-4F2A-8544-73592F551E19}.Debug|ARM64.Build.0 = Debug|Any CPU
		{764EB500-FB26-4F2A-8544-73592F551E19}.Debug|ARM64.Deploy.0 = Debug|Any CPU
		{764EB500-FB26-4F2A-8544-73592F551E19}.Debug|iPhone.ActiveCfg = Debug|Any CPU
		{764EB500-FB26-4F2A-8544-73592F551E19}.Debug|iPhone.Build.0 = Debug|Any CPU
		{764EB500-FB26-4F2A-8544-73592F551E19}.Debug|iPhone.Deploy.0 = Debug|Any CPU
		{764EB500-FB26-4F2A-8544-73592F551E19}.Debug|iPhoneSimulator.ActiveCfg = Debug|Any CPU
		{764EB500-FB26-4F2A-8544-73592F551E19}.Debug|iPhoneSimulator.Build.0 = Debug|Any CPU
		{764EB500-FB26-4F2A-8544-73592F551E19}.Debug|iPhoneSimulator.Deploy.0 = Debug|Any CPU
		{764EB500-FB26-4F2A-8544-73592F551E19}.Debug|x64.ActiveCfg = Debug|Any CPU
		{764EB500-FB26-4F2A-8544-73592F551E19}.Debug|x64.Build.0 = Debug|Any CPU
		{764EB500-FB26-4F2A-8544-73592F551E19}.Debug|x64.Deploy.0 = Debug|Any CPU
		{764EB500-FB26-4F2A-8544-73592F551E19}.Debug|x86.ActiveCfg = Debug|Any CPU
		{764EB500-FB26-4F2A-8544-73592F551E19}.Debug|x86.Build.0 = Debug|Any CPU
		{764EB500-FB26-4F2A-8544-73592F551E19}.Debug|x86.Deploy.0 = Debug|Any CPU
		{764EB500-FB26-4F2A-8544-73592F551E19}.Release|Any CPU.ActiveCfg = Release|Any CPU
		{764EB500-FB26-4F2A-8544-73592F551E19}.Release|Any CPU.Build.0 = Release|Any CPU
		{764EB500-FB26-4F2A-8544-73592F551E19}.Release|Any CPU.Deploy.0 = Release|Any CPU
		{764EB500-FB26-4F2A-8544-73592F551E19}.Release|ARM.ActiveCfg = Release|Any CPU
		{764EB500-FB26-4F2A-8544-73592F551E19}.Release|ARM.Build.0 = Release|Any CPU
		{764EB500-FB26-4F2A-8544-73592F551E19}.Release|ARM.Deploy.0 = Release|Any CPU
		{764EB500-FB26-4F2A-8544-73592F551E19}.Release|ARM64.ActiveCfg = Release|Any CPU
		{764EB500-FB26-4F2A-8544-73592F551E19}.Release|ARM64.Build.0 = Release|Any CPU
		{764EB500-FB26-4F2A-8544-73592F551E19}.Release|ARM64.Deploy.0 = Release|Any CPU
		{764EB500-FB26-4F2A-8544-73592F551E19}.Release|iPhone.ActiveCfg = Release|Any CPU
		{764EB500-FB26-4F2A-8544-73592F551E19}.Release|iPhone.Build.0 = Release|Any CPU
		{764EB500-FB26-4F2A-8544-73592F551E19}.Release|iPhone.Deploy.0 = Release|Any CPU
		{764EB500-FB26-4F2A-8544-73592F551E19}.Release|iPhoneSimulator.ActiveCfg = Release|Any CPU
		{764EB500-FB26-4F2A-8544-73592F551E19}.Release|iPhoneSimulator.Build.0 = Release|Any CPU
		{764EB500-FB26-4F2A-8544-73592F551E19}.Release|iPhoneSimulator.Deploy.0 = Release|Any CPU
		{764EB500-FB26-4F2A-8544-73592F551E19}.Release|x64.ActiveCfg = Release|Any CPU
		{764EB500-FB26-4F2A-8544-73592F551E19}.Release|x64.Build.0 = Release|Any CPU
		{764EB500-FB26-4F2A-8544-73592F551E19}.Release|x64.Deploy.0 = Release|Any CPU
		{764EB500-FB26-4F2A-8544-73592F551E19}.Release|x86.ActiveCfg = Release|Any CPU
		{764EB500-FB26-4F2A-8544-73592F551E19}.Release|x86.Build.0 = Release|Any CPU
		{764EB500-FB26-4F2A-8544-73592F551E19}.Release|x86.Deploy.0 = Release|Any CPU
		{9345912F-4D7E-4A19-BF2B-0E2A59EDEEFD}.Ad-Hoc|Any CPU.ActiveCfg = Ad-Hoc|iPhone
		{9345912F-4D7E-4A19-BF2B-0E2A59EDEEFD}.Ad-Hoc|ARM.ActiveCfg = Ad-Hoc|iPhone
		{9345912F-4D7E-4A19-BF2B-0E2A59EDEEFD}.Ad-Hoc|ARM64.ActiveCfg = Ad-Hoc|iPhone
		{9345912F-4D7E-4A19-BF2B-0E2A59EDEEFD}.Ad-Hoc|iPhone.ActiveCfg = Ad-Hoc|iPhone
		{9345912F-4D7E-4A19-BF2B-0E2A59EDEEFD}.Ad-Hoc|iPhone.Build.0 = Ad-Hoc|iPhone
		{9345912F-4D7E-4A19-BF2B-0E2A59EDEEFD}.Ad-Hoc|iPhoneSimulator.ActiveCfg = Ad-Hoc|iPhoneSimulator
		{9345912F-4D7E-4A19-BF2B-0E2A59EDEEFD}.Ad-Hoc|iPhoneSimulator.Build.0 = Ad-Hoc|iPhoneSimulator
		{9345912F-4D7E-4A19-BF2B-0E2A59EDEEFD}.Ad-Hoc|x64.ActiveCfg = Ad-Hoc|iPhone
		{9345912F-4D7E-4A19-BF2B-0E2A59EDEEFD}.Ad-Hoc|x86.ActiveCfg = Ad-Hoc|iPhone
		{9345912F-4D7E-4A19-BF2B-0E2A59EDEEFD}.AppStore|Any CPU.ActiveCfg = AppStore|iPhone
		{9345912F-4D7E-4A19-BF2B-0E2A59EDEEFD}.AppStore|ARM.ActiveCfg = AppStore|iPhone
		{9345912F-4D7E-4A19-BF2B-0E2A59EDEEFD}.AppStore|ARM64.ActiveCfg = AppStore|iPhone
		{9345912F-4D7E-4A19-BF2B-0E2A59EDEEFD}.AppStore|iPhone.ActiveCfg = AppStore|iPhone
		{9345912F-4D7E-4A19-BF2B-0E2A59EDEEFD}.AppStore|iPhone.Build.0 = AppStore|iPhone
		{9345912F-4D7E-4A19-BF2B-0E2A59EDEEFD}.AppStore|iPhoneSimulator.ActiveCfg = AppStore|iPhoneSimulator
		{9345912F-4D7E-4A19-BF2B-0E2A59EDEEFD}.AppStore|iPhoneSimulator.Build.0 = AppStore|iPhoneSimulator
		{9345912F-4D7E-4A19-BF2B-0E2A59EDEEFD}.AppStore|x64.ActiveCfg = AppStore|iPhone
		{9345912F-4D7E-4A19-BF2B-0E2A59EDEEFD}.AppStore|x86.ActiveCfg = AppStore|iPhone
		{9345912F-4D7E-4A19-BF2B-0E2A59EDEEFD}.Debug|Any CPU.ActiveCfg = Debug|iPhone
		{9345912F-4D7E-4A19-BF2B-0E2A59EDEEFD}.Debug|ARM.ActiveCfg = Debug|iPhone
		{9345912F-4D7E-4A19-BF2B-0E2A59EDEEFD}.Debug|ARM64.ActiveCfg = Debug|iPhone
		{9345912F-4D7E-4A19-BF2B-0E2A59EDEEFD}.Debug|iPhone.ActiveCfg = Debug|iPhone
		{9345912F-4D7E-4A19-BF2B-0E2A59EDEEFD}.Debug|iPhone.Build.0 = Debug|iPhone
		{9345912F-4D7E-4A19-BF2B-0E2A59EDEEFD}.Debug|iPhoneSimulator.ActiveCfg = Debug|iPhoneSimulator
		{9345912F-4D7E-4A19-BF2B-0E2A59EDEEFD}.Debug|iPhoneSimulator.Build.0 = Debug|iPhoneSimulator
		{9345912F-4D7E-4A19-BF2B-0E2A59EDEEFD}.Debug|x64.ActiveCfg = Debug|iPhone
		{9345912F-4D7E-4A19-BF2B-0E2A59EDEEFD}.Debug|x86.ActiveCfg = Debug|iPhone
		{9345912F-4D7E-4A19-BF2B-0E2A59EDEEFD}.Release|Any CPU.ActiveCfg = Release|iPhone
		{9345912F-4D7E-4A19-BF2B-0E2A59EDEEFD}.Release|ARM.ActiveCfg = Release|iPhone
		{9345912F-4D7E-4A19-BF2B-0E2A59EDEEFD}.Release|ARM64.ActiveCfg = Release|iPhone
		{9345912F-4D7E-4A19-BF2B-0E2A59EDEEFD}.Release|iPhone.ActiveCfg = Release|iPhone
		{9345912F-4D7E-4A19-BF2B-0E2A59EDEEFD}.Release|iPhone.Build.0 = Release|iPhone
		{9345912F-4D7E-4A19-BF2B-0E2A59EDEEFD}.Release|iPhoneSimulator.ActiveCfg = Release|iPhoneSimulator
		{9345912F-4D7E-4A19-BF2B-0E2A59EDEEFD}.Release|iPhoneSimulator.Build.0 = Release|iPhoneSimulator
		{9345912F-4D7E-4A19-BF2B-0E2A59EDEEFD}.Release|x64.ActiveCfg = Release|iPhone
		{9345912F-4D7E-4A19-BF2B-0E2A59EDEEFD}.Release|x86.ActiveCfg = Release|iPhone
		{3756CFB0-03C0-4DFA-A79B-D7742F1EC717}.Ad-Hoc|Any CPU.ActiveCfg = Release|x64
		{3756CFB0-03C0-4DFA-A79B-D7742F1EC717}.Ad-Hoc|Any CPU.Build.0 = Release|x64
		{3756CFB0-03C0-4DFA-A79B-D7742F1EC717}.Ad-Hoc|Any CPU.Deploy.0 = Release|x64
		{3756CFB0-03C0-4DFA-A79B-D7742F1EC717}.Ad-Hoc|ARM.ActiveCfg = Release|ARM
		{3756CFB0-03C0-4DFA-A79B-D7742F1EC717}.Ad-Hoc|ARM.Build.0 = Release|ARM
		{3756CFB0-03C0-4DFA-A79B-D7742F1EC717}.Ad-Hoc|ARM.Deploy.0 = Release|ARM
		{3756CFB0-03C0-4DFA-A79B-D7742F1EC717}.Ad-Hoc|ARM64.ActiveCfg = Release|ARM64
		{3756CFB0-03C0-4DFA-A79B-D7742F1EC717}.Ad-Hoc|ARM64.Build.0 = Release|ARM64
		{3756CFB0-03C0-4DFA-A79B-D7742F1EC717}.Ad-Hoc|ARM64.Deploy.0 = Release|ARM64
		{3756CFB0-03C0-4DFA-A79B-D7742F1EC717}.Ad-Hoc|iPhone.ActiveCfg = Release|x64
		{3756CFB0-03C0-4DFA-A79B-D7742F1EC717}.Ad-Hoc|iPhone.Build.0 = Release|x64
		{3756CFB0-03C0-4DFA-A79B-D7742F1EC717}.Ad-Hoc|iPhone.Deploy.0 = Release|x64
		{3756CFB0-03C0-4DFA-A79B-D7742F1EC717}.Ad-Hoc|iPhoneSimulator.ActiveCfg = Release|x64
		{3756CFB0-03C0-4DFA-A79B-D7742F1EC717}.Ad-Hoc|iPhoneSimulator.Build.0 = Release|x64
		{3756CFB0-03C0-4DFA-A79B-D7742F1EC717}.Ad-Hoc|iPhoneSimulator.Deploy.0 = Release|x64
		{3756CFB0-03C0-4DFA-A79B-D7742F1EC717}.Ad-Hoc|x64.ActiveCfg = Release|x64
		{3756CFB0-03C0-4DFA-A79B-D7742F1EC717}.Ad-Hoc|x64.Build.0 = Release|x64
		{3756CFB0-03C0-4DFA-A79B-D7742F1EC717}.Ad-Hoc|x64.Deploy.0 = Release|x64
		{3756CFB0-03C0-4DFA-A79B-D7742F1EC717}.Ad-Hoc|x86.ActiveCfg = Release|x86
		{3756CFB0-03C0-4DFA-A79B-D7742F1EC717}.Ad-Hoc|x86.Build.0 = Release|x86
		{3756CFB0-03C0-4DFA-A79B-D7742F1EC717}.Ad-Hoc|x86.Deploy.0 = Release|x86
		{3756CFB0-03C0-4DFA-A79B-D7742F1EC717}.AppStore|Any CPU.ActiveCfg = Release|x64
		{3756CFB0-03C0-4DFA-A79B-D7742F1EC717}.AppStore|Any CPU.Build.0 = Release|x64
		{3756CFB0-03C0-4DFA-A79B-D7742F1EC717}.AppStore|Any CPU.Deploy.0 = Release|x64
		{3756CFB0-03C0-4DFA-A79B-D7742F1EC717}.AppStore|ARM.ActiveCfg = Release|ARM
		{3756CFB0-03C0-4DFA-A79B-D7742F1EC717}.AppStore|ARM.Build.0 = Release|ARM
		{3756CFB0-03C0-4DFA-A79B-D7742F1EC717}.AppStore|ARM.Deploy.0 = Release|ARM
		{3756CFB0-03C0-4DFA-A79B-D7742F1EC717}.AppStore|ARM64.ActiveCfg = Release|ARM64
		{3756CFB0-03C0-4DFA-A79B-D7742F1EC717}.AppStore|ARM64.Build.0 = Release|ARM64
		{3756CFB0-03C0-4DFA-A79B-D7742F1EC717}.AppStore|ARM64.Deploy.0 = Release|ARM64
		{3756CFB0-03C0-4DFA-A79B-D7742F1EC717}.AppStore|iPhone.ActiveCfg = Release|x64
		{3756CFB0-03C0-4DFA-A79B-D7742F1EC717}.AppStore|iPhone.Build.0 = Release|x64
		{3756CFB0-03C0-4DFA-A79B-D7742F1EC717}.AppStore|iPhone.Deploy.0 = Release|x64
		{3756CFB0-03C0-4DFA-A79B-D7742F1EC717}.AppStore|iPhoneSimulator.ActiveCfg = Release|x64
		{3756CFB0-03C0-4DFA-A79B-D7742F1EC717}.AppStore|iPhoneSimulator.Build.0 = Release|x64
		{3756CFB0-03C0-4DFA-A79B-D7742F1EC717}.AppStore|iPhoneSimulator.Deploy.0 = Release|x64
		{3756CFB0-03C0-4DFA-A79B-D7742F1EC717}.AppStore|x64.ActiveCfg = Release|x64
		{3756CFB0-03C0-4DFA-A79B-D7742F1EC717}.AppStore|x64.Build.0 = Release|x64
		{3756CFB0-03C0-4DFA-A79B-D7742F1EC717}.AppStore|x64.Deploy.0 = Release|x64
		{3756CFB0-03C0-4DFA-A79B-D7742F1EC717}.AppStore|x86.ActiveCfg = Release|x86
		{3756CFB0-03C0-4DFA-A79B-D7742F1EC717}.AppStore|x86.Build.0 = Release|x86
		{3756CFB0-03C0-4DFA-A79B-D7742F1EC717}.AppStore|x86.Deploy.0 = Release|x86
		{3756CFB0-03C0-4DFA-A79B-D7742F1EC717}.Debug|Any CPU.ActiveCfg = Debug|x86
		{3756CFB0-03C0-4DFA-A79B-D7742F1EC717}.Debug|ARM.ActiveCfg = Debug|ARM
		{3756CFB0-03C0-4DFA-A79B-D7742F1EC717}.Debug|ARM.Build.0 = Debug|ARM
		{3756CFB0-03C0-4DFA-A79B-D7742F1EC717}.Debug|ARM.Deploy.0 = Debug|ARM
		{3756CFB0-03C0-4DFA-A79B-D7742F1EC717}.Debug|ARM64.ActiveCfg = Debug|ARM64
		{3756CFB0-03C0-4DFA-A79B-D7742F1EC717}.Debug|ARM64.Build.0 = Debug|ARM64
		{3756CFB0-03C0-4DFA-A79B-D7742F1EC717}.Debug|ARM64.Deploy.0 = Debug|ARM64
		{3756CFB0-03C0-4DFA-A79B-D7742F1EC717}.Debug|iPhone.ActiveCfg = Debug|x86
		{3756CFB0-03C0-4DFA-A79B-D7742F1EC717}.Debug|iPhoneSimulator.ActiveCfg = Debug|x86
		{3756CFB0-03C0-4DFA-A79B-D7742F1EC717}.Debug|x64.ActiveCfg = Debug|x64
		{3756CFB0-03C0-4DFA-A79B-D7742F1EC717}.Debug|x64.Build.0 = Debug|x64
		{3756CFB0-03C0-4DFA-A79B-D7742F1EC717}.Debug|x64.Deploy.0 = Debug|x64
		{3756CFB0-03C0-4DFA-A79B-D7742F1EC717}.Debug|x86.ActiveCfg = Debug|x86
		{3756CFB0-03C0-4DFA-A79B-D7742F1EC717}.Debug|x86.Build.0 = Debug|x86
		{3756CFB0-03C0-4DFA-A79B-D7742F1EC717}.Debug|x86.Deploy.0 = Debug|x86
		{3756CFB0-03C0-4DFA-A79B-D7742F1EC717}.Release|Any CPU.ActiveCfg = Release|x86
		{3756CFB0-03C0-4DFA-A79B-D7742F1EC717}.Release|ARM.ActiveCfg = Release|ARM
		{3756CFB0-03C0-4DFA-A79B-D7742F1EC717}.Release|ARM.Build.0 = Release|ARM
		{3756CFB0-03C0-4DFA-A79B-D7742F1EC717}.Release|ARM.Deploy.0 = Release|ARM
		{3756CFB0-03C0-4DFA-A79B-D7742F1EC717}.Release|ARM64.ActiveCfg = Release|ARM64
		{3756CFB0-03C0-4DFA-A79B-D7742F1EC717}.Release|ARM64.Build.0 = Release|ARM64
		{3756CFB0-03C0-4DFA-A79B-D7742F1EC717}.Release|ARM64.Deploy.0 = Release|ARM64
		{3756CFB0-03C0-4DFA-A79B-D7742F1EC717}.Release|iPhone.ActiveCfg = Release|x86
		{3756CFB0-03C0-4DFA-A79B-D7742F1EC717}.Release|iPhoneSimulator.ActiveCfg = Release|x86
		{3756CFB0-03C0-4DFA-A79B-D7742F1EC717}.Release|x64.ActiveCfg = Release|x64
		{3756CFB0-03C0-4DFA-A79B-D7742F1EC717}.Release|x64.Build.0 = Release|x64
		{3756CFB0-03C0-4DFA-A79B-D7742F1EC717}.Release|x64.Deploy.0 = Release|x64
		{3756CFB0-03C0-4DFA-A79B-D7742F1EC717}.Release|x86.ActiveCfg = Release|x86
		{3756CFB0-03C0-4DFA-A79B-D7742F1EC717}.Release|x86.Build.0 = Release|x86
		{3756CFB0-03C0-4DFA-A79B-D7742F1EC717}.Release|x86.Deploy.0 = Release|x86
		{AF4AB23F-DF14-4C76-BF43-F09C757A6DF6}.Ad-Hoc|Any CPU.ActiveCfg = Debug|Any CPU
		{AF4AB23F-DF14-4C76-BF43-F09C757A6DF6}.Ad-Hoc|Any CPU.Build.0 = Debug|Any CPU
		{AF4AB23F-DF14-4C76-BF43-F09C757A6DF6}.Ad-Hoc|ARM.ActiveCfg = Debug|Any CPU
		{AF4AB23F-DF14-4C76-BF43-F09C757A6DF6}.Ad-Hoc|ARM.Build.0 = Debug|Any CPU
		{AF4AB23F-DF14-4C76-BF43-F09C757A6DF6}.Ad-Hoc|ARM64.ActiveCfg = Debug|Any CPU
		{AF4AB23F-DF14-4C76-BF43-F09C757A6DF6}.Ad-Hoc|ARM64.Build.0 = Debug|Any CPU
		{AF4AB23F-DF14-4C76-BF43-F09C757A6DF6}.Ad-Hoc|iPhone.ActiveCfg = Debug|Any CPU
		{AF4AB23F-DF14-4C76-BF43-F09C757A6DF6}.Ad-Hoc|iPhone.Build.0 = Debug|Any CPU
		{AF4AB23F-DF14-4C76-BF43-F09C757A6DF6}.Ad-Hoc|iPhoneSimulator.ActiveCfg = Debug|Any CPU
		{AF4AB23F-DF14-4C76-BF43-F09C757A6DF6}.Ad-Hoc|iPhoneSimulator.Build.0 = Debug|Any CPU
		{AF4AB23F-DF14-4C76-BF43-F09C757A6DF6}.Ad-Hoc|x64.ActiveCfg = Debug|Any CPU
		{AF4AB23F-DF14-4C76-BF43-F09C757A6DF6}.Ad-Hoc|x64.Build.0 = Debug|Any CPU
		{AF4AB23F-DF14-4C76-BF43-F09C757A6DF6}.Ad-Hoc|x86.ActiveCfg = Debug|Any CPU
		{AF4AB23F-DF14-4C76-BF43-F09C757A6DF6}.Ad-Hoc|x86.Build.0 = Debug|Any CPU
		{AF4AB23F-DF14-4C76-BF43-F09C757A6DF6}.AppStore|Any CPU.ActiveCfg = Debug|Any CPU
		{AF4AB23F-DF14-4C76-BF43-F09C757A6DF6}.AppStore|Any CPU.Build.0 = Debug|Any CPU
		{AF4AB23F-DF14-4C76-BF43-F09C757A6DF6}.AppStore|ARM.ActiveCfg = Debug|Any CPU
		{AF4AB23F-DF14-4C76-BF43-F09C757A6DF6}.AppStore|ARM.Build.0 = Debug|Any CPU
		{AF4AB23F-DF14-4C76-BF43-F09C757A6DF6}.AppStore|ARM64.ActiveCfg = Debug|Any CPU
		{AF4AB23F-DF14-4C76-BF43-F09C757A6DF6}.AppStore|ARM64.Build.0 = Debug|Any CPU
		{AF4AB23F-DF14-4C76-BF43-F09C757A6DF6}.AppStore|iPhone.ActiveCfg = Debug|Any CPU
		{AF4AB23F-DF14-4C76-BF43-F09C757A6DF6}.AppStore|iPhone.Build.0 = Debug|Any CPU
		{AF4AB23F-DF14-4C76-BF43-F09C757A6DF6}.AppStore|iPhoneSimulator.ActiveCfg = Debug|Any CPU
		{AF4AB23F-DF14-4C76-BF43-F09C757A6DF6}.AppStore|iPhoneSimulator.Build.0 = Debug|Any CPU
		{AF4AB23F-DF14-4C76-BF43-F09C757A6DF6}.AppStore|x64.ActiveCfg = Debug|Any CPU
		{AF4AB23F-DF14-4C76-BF43-F09C757A6DF6}.AppStore|x64.Build.0 = Debug|Any CPU
		{AF4AB23F-DF14-4C76-BF43-F09C757A6DF6}.AppStore|x86.ActiveCfg = Debug|Any CPU
		{AF4AB23F-DF14-4C76-BF43-F09C757A6DF6}.AppStore|x86.Build.0 = Debug|Any CPU
		{AF4AB23F-DF14-4C76-BF43-F09C757A6DF6}.Debug|Any CPU.ActiveCfg = Debug|Any CPU
		{AF4AB23F-DF14-4C76-BF43-F09C757A6DF6}.Debug|Any CPU.Build.0 = Debug|Any CPU
		{AF4AB23F-DF14-4C76-BF43-F09C757A6DF6}.Debug|ARM.ActiveCfg = Debug|Any CPU
		{AF4AB23F-DF14-4C76-BF43-F09C757A6DF6}.Debug|ARM.Build.0 = Debug|Any CPU
		{AF4AB23F-DF14-4C76-BF43-F09C757A6DF6}.Debug|ARM64.ActiveCfg = Debug|Any CPU
		{AF4AB23F-DF14-4C76-BF43-F09C757A6DF6}.Debug|ARM64.Build.0 = Debug|Any CPU
		{AF4AB23F-DF14-4C76-BF43-F09C757A6DF6}.Debug|iPhone.ActiveCfg = Debug|Any CPU
		{AF4AB23F-DF14-4C76-BF43-F09C757A6DF6}.Debug|iPhone.Build.0 = Debug|Any CPU
		{AF4AB23F-DF14-4C76-BF43-F09C757A6DF6}.Debug|iPhoneSimulator.ActiveCfg = Debug|Any CPU
		{AF4AB23F-DF14-4C76-BF43-F09C757A6DF6}.Debug|iPhoneSimulator.Build.0 = Debug|Any CPU
		{AF4AB23F-DF14-4C76-BF43-F09C757A6DF6}.Debug|x64.ActiveCfg = Debug|Any CPU
		{AF4AB23F-DF14-4C76-BF43-F09C757A6DF6}.Debug|x64.Build.0 = Debug|Any CPU
		{AF4AB23F-DF14-4C76-BF43-F09C757A6DF6}.Debug|x86.ActiveCfg = Debug|Any CPU
		{AF4AB23F-DF14-4C76-BF43-F09C757A6DF6}.Debug|x86.Build.0 = Debug|Any CPU
		{AF4AB23F-DF14-4C76-BF43-F09C757A6DF6}.Release|Any CPU.ActiveCfg = Release|Any CPU
		{AF4AB23F-DF14-4C76-BF43-F09C757A6DF6}.Release|Any CPU.Build.0 = Release|Any CPU
		{AF4AB23F-DF14-4C76-BF43-F09C757A6DF6}.Release|ARM.ActiveCfg = Release|Any CPU
		{AF4AB23F-DF14-4C76-BF43-F09C757A6DF6}.Release|ARM.Build.0 = Release|Any CPU
		{AF4AB23F-DF14-4C76-BF43-F09C757A6DF6}.Release|ARM64.ActiveCfg = Release|Any CPU
		{AF4AB23F-DF14-4C76-BF43-F09C757A6DF6}.Release|ARM64.Build.0 = Release|Any CPU
		{AF4AB23F-DF14-4C76-BF43-F09C757A6DF6}.Release|iPhone.ActiveCfg = Release|Any CPU
		{AF4AB23F-DF14-4C76-BF43-F09C757A6DF6}.Release|iPhone.Build.0 = Release|Any CPU
		{AF4AB23F-DF14-4C76-BF43-F09C757A6DF6}.Release|iPhoneSimulator.ActiveCfg = Release|Any CPU
		{AF4AB23F-DF14-4C76-BF43-F09C757A6DF6}.Release|iPhoneSimulator.Build.0 = Release|Any CPU
		{AF4AB23F-DF14-4C76-BF43-F09C757A6DF6}.Release|x64.ActiveCfg = Release|Any CPU
		{AF4AB23F-DF14-4C76-BF43-F09C757A6DF6}.Release|x64.Build.0 = Release|Any CPU
		{AF4AB23F-DF14-4C76-BF43-F09C757A6DF6}.Release|x86.ActiveCfg = Release|Any CPU
		{AF4AB23F-DF14-4C76-BF43-F09C757A6DF6}.Release|x86.Build.0 = Release|Any CPU
	EndGlobalSection
	GlobalSection(SolutionProperties) = preSolution
		HideSolutionNode = FALSE
	EndGlobalSection
	GlobalSection(ExtensibilityGlobals) = postSolution
		SolutionGuid = {7E595409-0705-4757-BFF4-89BD7E883AB2}
	EndGlobalSection
EndGlobal
